
Microsoft Visual Studio Solution File, Format Version 12.00
# Visual Studio 15
VisualStudioVersion = 15.0.26124.0
MinimumVisualStudioVersion = 15.0.26124.0
Project("{2150E333-8FDC-42A3-9474-1A3956D46DE8}") = "src", "src", "{66B0443F-8F13-49EF-B5F0-FA0E811B4F48}"
EndProject
Project("{FAE04EC0-301F-11D3-BF4B-00C04F79EFBC}") = "OOP", "src\OOP\OOP.csproj", "{EE3D5349-C5B5-44B6-A08A-E6593AD00D47}"
EndProject
Project("{2150E333-8FDC-42A3-9474-1A3956D46DE8}") = "test", "test", "{061E9E60-A488-4D1D-88D7-0EA74DF17F37}"
EndProject
Project("{FAE04EC0-301F-11D3-BF4B-00C04F79EFBC}") = "OOP.Tests", "test\OOP.Tests\OOP.Tests.csproj", "{2220CEBD-99D7-4A7F-A72E-9BBA20B43022}"
EndProject
Global
	GlobalSection(SolutionConfigurationPlatforms) = preSolution
		Debug|Any CPU = Debug|Any CPU
		Debug|x64 = Debug|x64
		Debug|x86 = Debug|x86
		Release|Any CPU = Release|Any CPU
		Release|x64 = Release|x64
		Release|x86 = Release|x86
	EndGlobalSection
	GlobalSection(SolutionProperties) = preSolution
		HideSolutionNode = FALSE
	EndGlobalSection
	GlobalSection(ProjectConfigurationPlatforms) = postSolution
		{EE3D5349-C5B5-44B6-A08A-E6593AD00D47}.Debug|Any CPU.ActiveCfg = Debug|Any CPU
		{EE3D5349-C5B5-44B6-A08A-E6593AD00D47}.Debug|Any CPU.Build.0 = Debug|Any CPU
		{EE3D5349-C5B5-44B6-A08A-E6593AD00D47}.Debug|x64.ActiveCfg = Debug|Any CPU
		{EE3D5349-C5B5-44B6-A08A-E6593AD00D47}.Debug|x64.Build.0 = Debug|Any CPU
		{EE3D5349-C5B5-44B6-A08A-E6593AD00D47}.Debug|x86.ActiveCfg = Debug|Any CPU
		{EE3D5349-C5B5-44B6-A08A-E6593AD00D47}.Debug|x86.Build.0 = Debug|Any CPU
		{EE3D5349-C5B5-44B6-A08A-E6593AD00D47}.Release|Any CPU.ActiveCfg = Release|Any CPU
		{EE3D5349-C5B5-44B6-A08A-E6593AD00D47}.Release|Any CPU.Build.0 = Release|Any CPU
		{EE3D5349-C5B5-44B6-A08A-E6593AD00D47}.Release|x64.ActiveCfg = Release|Any CPU
		{EE3D5349-C5B5-44B6-A08A-E6593AD00D47}.Release|x64.Build.0 = Release|Any CPU
		{EE3D5349-C5B5-44B6-A08A-E6593AD00D47}.Release|x86.ActiveCfg = Release|Any CPU
		{EE3D5349-C5B5-44B6-A08A-E6593AD00D47}.Release|x86.Build.0 = Release|Any CPU
		{2220CEBD-99D7-4A7F-A72E-9BBA20B43022}.Debug|Any CPU.ActiveCfg = Debug|Any CPU
		{2220CEBD-99D7-4A7F-A72E-9BBA20B43022}.Debug|Any CPU.Build.0 = Debug|Any CPU
		{2220CEBD-99D7-4A7F-A72E-9BBA20B43022}.Debug|x64.ActiveCfg = Debug|Any CPU
		{2220CEBD-99D7-4A7F-A72E-9BBA20B43022}.Debug|x64.Build.0 = Debug|Any CPU
		{2220CEBD-99D7-4A7F-A72E-9BBA20B43022}.Debug|x86.ActiveCfg = Debug|Any CPU
		{2220CEBD-99D7-4A7F-A72E-9BBA20B43022}.Debug|x86.Build.0 = Debug|Any CPU
		{2220CEBD-99D7-4A7F-A72E-9BBA20B43022}.Release|Any CPU.ActiveCfg = Release|Any CPU
		{2220CEBD-99D7-4A7F-A72E-9BBA20B43022}.Release|Any CPU.Build.0 = Release|Any CPU
		{2220CEBD-99D7-4A7F-A72E-9BBA20B43022}.Release|x64.ActiveCfg = Release|Any CPU
		{2220CEBD-99D7-4A7F-A72E-9BBA20B43022}.Release|x64.Build.0 = Release|Any CPU
		{2220CEBD-99D7-4A7F-A72E-9BBA20B43022}.Release|x86.ActiveCfg = Release|Any CPU
		{2220CEBD-99D7-4A7F-A72E-9BBA20B43022}.Release|x86.Build.0 = Release|Any CPU
	EndGlobalSection
	GlobalSection(NestedProjects) = preSolution
		{EE3D5349-C5B5-44B6-A08A-E6593AD00D47} = {66B0443F-8F13-49EF-B5F0-FA0E811B4F48}
		{2220CEBD-99D7-4A7F-A72E-9BBA20B43022} = {061E9E60-A488-4D1D-88D7-0EA74DF17F37}
	EndGlobalSection
EndGlobal
